// !$*UTF8*$!
{
	archiveVersion = 1;
	classes = {
	};
	objectVersion = 55;
	objects = {

/* Begin PBXBuildFile section */
		4C0FF52328E8F2E30004F607 /* CartViewController.swift in Sources */ = {isa = PBXBuildFile; fileRef = 4C0FF52228E8F2E30004F607 /* CartViewController.swift */; };
		4C9C4F9D28E4E78900649009 /* AppDelegate.swift in Sources */ = {isa = PBXBuildFile; fileRef = 4C9C4F9C28E4E78900649009 /* AppDelegate.swift */; };
		4C9C4F9F28E4E78900649009 /* SceneDelegate.swift in Sources */ = {isa = PBXBuildFile; fileRef = 4C9C4F9E28E4E78900649009 /* SceneDelegate.swift */; };
		4C9C4FA128E4E78900649009 /* HomeViewController.swift in Sources */ = {isa = PBXBuildFile; fileRef = 4C9C4FA028E4E78900649009 /* HomeViewController.swift */; };
		4C9C4FA428E4E78900649009 /* Main.storyboard in Resources */ = {isa = PBXBuildFile; fileRef = 4C9C4FA228E4E78900649009 /* Main.storyboard */; };
		4C9C4FA628E4E78C00649009 /* Assets.xcassets in Resources */ = {isa = PBXBuildFile; fileRef = 4C9C4FA528E4E78C00649009 /* Assets.xcassets */; };
		4C9C4FA928E4E78C00649009 /* LaunchScreen.storyboard in Resources */ = {isa = PBXBuildFile; fileRef = 4C9C4FA728E4E78C00649009 /* LaunchScreen.storyboard */; };
		4C9C4FB228E4E9AC00649009 /* ShopViewController.swift in Sources */ = {isa = PBXBuildFile; fileRef = 4C9C4FB128E4E9AC00649009 /* ShopViewController.swift */; };
		4C9C4FB428E4E9D000649009 /* AccountViewController.swift in Sources */ = {isa = PBXBuildFile; fileRef = 4C9C4FB328E4E9D000649009 /* AccountViewController.swift */; };
		4CAD06ED28F8A354009622F6 /* ProductViewController.swift in Sources */ = {isa = PBXBuildFile; fileRef = 4CAD06EC28F8A354009622F6 /* ProductViewController.swift */; };
		4CAD06EF28F8A40D009622F6 /* ProductCollectionViewCell.swift in Sources */ = {isa = PBXBuildFile; fileRef = 4CAD06EE28F8A40D009622F6 /* ProductCollectionViewCell.swift */; };
		4CAD06F128F8A9F0009622F6 /* GoogleService-Info.plist in Resources */ = {isa = PBXBuildFile; fileRef = 4CAD06F028F8A9F0009622F6 /* GoogleService-Info.plist */; };
		4CAD06F428F8AB39009622F6 /* FirebaseAnalytics in Frameworks */ = {isa = PBXBuildFile; productRef = 4CAD06F328F8AB39009622F6 /* FirebaseAnalytics */; };
		4CAD06F828F8AB39009622F6 /* FirebaseFirestore in Frameworks */ = {isa = PBXBuildFile; productRef = 4CAD06F728F8AB39009622F6 /* FirebaseFirestore */; };
		4CAD06FA28F8AB39009622F6 /* FirebaseFirestoreSwift in Frameworks */ = {isa = PBXBuildFile; productRef = 4CAD06F928F8AB39009622F6 /* FirebaseFirestoreSwift */; };
		4CAD06FC28F8AB39009622F6 /* FirebaseFunctions in Frameworks */ = {isa = PBXBuildFile; productRef = 4CAD06FB28F8AB39009622F6 /* FirebaseFunctions */; };
		4CAD06FE28F8AB39009622F6 /* FirebaseMessaging in Frameworks */ = {isa = PBXBuildFile; productRef = 4CAD06FD28F8AB39009622F6 /* FirebaseMessaging */; };
		4CAD070028F8AB39009622F6 /* FirebaseStorage in Frameworks */ = {isa = PBXBuildFile; productRef = 4CAD06FF28F8AB39009622F6 /* FirebaseStorage */; };
/* End PBXBuildFile section */

/* Begin PBXFileReference section */
		4C0FF52228E8F2E30004F607 /* CartViewController.swift */ = {isa = PBXFileReference; lastKnownFileType = sourcecode.swift; path = CartViewController.swift; sourceTree = "<group>"; };
		4C9C4F9928E4E78900649009 /* SimpleThreads.app */ = {isa = PBXFileReference; explicitFileType = wrapper.application; includeInIndex = 0; path = SimpleThreads.app; sourceTree = BUILT_PRODUCTS_DIR; };
		4C9C4F9C28E4E78900649009 /* AppDelegate.swift */ = {isa = PBXFileReference; lastKnownFileType = sourcecode.swift; path = AppDelegate.swift; sourceTree = "<group>"; };
		4C9C4F9E28E4E78900649009 /* SceneDelegate.swift */ = {isa = PBXFileReference; lastKnownFileType = sourcecode.swift; path = SceneDelegate.swift; sourceTree = "<group>"; };
		4C9C4FA028E4E78900649009 /* HomeViewController.swift */ = {isa = PBXFileReference; lastKnownFileType = sourcecode.swift; path = HomeViewController.swift; sourceTree = "<group>"; };
		4C9C4FA328E4E78900649009 /* Base */ = {isa = PBXFileReference; lastKnownFileType = file.storyboard; name = Base; path = Base.lproj/Main.storyboard; sourceTree = "<group>"; };
		4C9C4FA528E4E78C00649009 /* Assets.xcassets */ = {isa = PBXFileReference; lastKnownFileType = folder.assetcatalog; path = Assets.xcassets; sourceTree = "<group>"; };
		4C9C4FA828E4E78C00649009 /* Base */ = {isa = PBXFileReference; lastKnownFileType = file.storyboard; name = Base; path = Base.lproj/LaunchScreen.storyboard; sourceTree = "<group>"; };
		4C9C4FAA28E4E78C00649009 /* Info.plist */ = {isa = PBXFileReference; lastKnownFileType = text.plist.xml; path = Info.plist; sourceTree = "<group>"; };
		4C9C4FB128E4E9AC00649009 /* ShopViewController.swift */ = {isa = PBXFileReference; lastKnownFileType = sourcecode.swift; path = ShopViewController.swift; sourceTree = "<group>"; };
		4C9C4FB328E4E9D000649009 /* AccountViewController.swift */ = {isa = PBXFileReference; lastKnownFileType = sourcecode.swift; path = AccountViewController.swift; sourceTree = "<group>"; };
		4CAD06EC28F8A354009622F6 /* ProductViewController.swift */ = {isa = PBXFileReference; lastKnownFileType = sourcecode.swift; path = ProductViewController.swift; sourceTree = "<group>"; };
		4CAD06EE28F8A40D009622F6 /* ProductCollectionViewCell.swift */ = {isa = PBXFileReference; lastKnownFileType = sourcecode.swift; path = ProductCollectionViewCell.swift; sourceTree = "<group>"; };
		4CAD06F028F8A9F0009622F6 /* GoogleService-Info.plist */ = {isa = PBXFileReference; fileEncoding = 4; lastKnownFileType = text.plist.xml; name = "GoogleService-Info.plist"; path = "../../../../Downloads/GoogleService-Info.plist"; sourceTree = "<group>"; };
/* End PBXFileReference section */

/* Begin PBXFrameworksBuildPhase section */
		4C9C4F9628E4E78900649009 /* Frameworks */ = {
			isa = PBXFrameworksBuildPhase;
			buildActionMask = 2147483647;
			files = (
				4CAD06FE28F8AB39009622F6 /* FirebaseMessaging in Frameworks */,
				4CAD06F428F8AB39009622F6 /* FirebaseAnalytics in Frameworks */,
				4CAD06FC28F8AB39009622F6 /* FirebaseFunctions in Frameworks */,
				4CAD070028F8AB39009622F6 /* FirebaseStorage in Frameworks */,
				4CAD06F828F8AB39009622F6 /* FirebaseFirestore in Frameworks */,
				4CAD06FA28F8AB39009622F6 /* FirebaseFirestoreSwift in Frameworks */,
			);
			runOnlyForDeploymentPostprocessing = 0;
		};
/* End PBXFrameworksBuildPhase section */

/* Begin PBXGroup section */
		4C9C4F9028E4E78900649009 = {
			isa = PBXGroup;
			children = (
				4C9C4F9B28E4E78900649009 /* SimpleThreads */,
				4C9C4F9A28E4E78900649009 /* Products */,
			);
			sourceTree = "<group>";
		};
		4C9C4F9A28E4E78900649009 /* Products */ = {
			isa = PBXGroup;
			children = (
				4C9C4F9928E4E78900649009 /* SimpleThreads.app */,
			);
			name = Products;
			sourceTree = "<group>";
		};
		4C9C4F9B28E4E78900649009 /* SimpleThreads */ = {
			isa = PBXGroup;
			children = (
				4CAD06EE28F8A40D009622F6 /* ProductCollectionViewCell.swift */,
				4CAD070128FB126C009622F6 /* Model */,
				4CAD070228FB1273009622F6 /* Views */,
				4C9C4FB028E4E94800649009 /* Controllers */,
				4C9C4F9C28E4E78900649009 /* AppDelegate.swift */,
				4C9C4F9E28E4E78900649009 /* SceneDelegate.swift */,
				4C9C4FA228E4E78900649009 /* Main.storyboard */,
				4C9C4FA528E4E78C00649009 /* Assets.xcassets */,
				4C9C4FA728E4E78C00649009 /* LaunchScreen.storyboard */,
				4C9C4FAA28E4E78C00649009 /* Info.plist */,
				4CAD06F028F8A9F0009622F6 /* GoogleService-Info.plist */,
			);
			path = SimpleThreads;
			sourceTree = "<group>";
		};
		4C9C4FB028E4E94800649009 /* Controllers */ = {
			isa = PBXGroup;
			children = (
				4C9C4FB128E4E9AC00649009 /* ShopViewController.swift */,
				4C9C4FA028E4E78900649009 /* HomeViewController.swift */,
				4C9C4FB328E4E9D000649009 /* AccountViewController.swift */,
				4C0FF52228E8F2E30004F607 /* CartViewController.swift */,
				4CAD06EC28F8A354009622F6 /* ProductViewController.swift */,
			);
			path = Controllers;
			sourceTree = "<group>";
		};
		4CAD070128FB126C009622F6 /* Model */ = {
			isa = PBXGroup;
			children = (
			);
			path = Model;
			sourceTree = "<group>";
		};
		4CAD070228FB1273009622F6 /* Views */ = {
			isa = PBXGroup;
			children = (
			);
			path = Views;
			sourceTree = "<group>";
		};
/* End PBXGroup section */

/* Begin PBXNativeTarget section */
		4C9C4F9828E4E78900649009 /* SimpleThreads */ = {
			isa = PBXNativeTarget;
			buildConfigurationList = 4C9C4FAD28E4E78C00649009 /* Build configuration list for PBXNativeTarget "SimpleThreads" */;
			buildPhases = (
				4C9C4F9528E4E78900649009 /* Sources */,
				4C9C4F9628E4E78900649009 /* Frameworks */,
				4C9C4F9728E4E78900649009 /* Resources */,
			);
			buildRules = (
			);
			dependencies = (
			);
			name = SimpleThreads;
			packageProductDependencies = (
				4CAD06F328F8AB39009622F6 /* FirebaseAnalytics */,
				4CAD06F728F8AB39009622F6 /* FirebaseFirestore */,
				4CAD06F928F8AB39009622F6 /* FirebaseFirestoreSwift */,
				4CAD06FB28F8AB39009622F6 /* FirebaseFunctions */,
				4CAD06FD28F8AB39009622F6 /* FirebaseMessaging */,
				4CAD06FF28F8AB39009622F6 /* FirebaseStorage */,
			);
			productName = SimpleThreads;
			productReference = 4C9C4F9928E4E78900649009 /* SimpleThreads.app */;
			productType = "com.apple.product-type.application";
		};
/* End PBXNativeTarget section */

/* Begin PBXProject section */
		4C9C4F9128E4E78900649009 /* Project object */ = {
			isa = PBXProject;
			attributes = {
				BuildIndependentTargetsInParallel = 1;
				LastSwiftUpdateCheck = 1340;
				LastUpgradeCheck = 1340;
				TargetAttributes = {
					4C9C4F9828E4E78900649009 = {
						CreatedOnToolsVersion = 13.4;
					};
				};
			};
			buildConfigurationList = 4C9C4F9428E4E78900649009 /* Build configuration list for PBXProject "SimpleThreads" */;
			compatibilityVersion = "Xcode 13.0";
			developmentRegion = en;
			hasScannedForEncodings = 0;
			knownRegions = (
				en,
				Base,
			);
			mainGroup = 4C9C4F9028E4E78900649009;
			packageReferences = (
				4CAD06F228F8AB39009622F6 /* XCRemoteSwiftPackageReference "firebase-ios-sdk" */,
			);
			productRefGroup = 4C9C4F9A28E4E78900649009 /* Products */;
			projectDirPath = "";
			projectRoot = "";
			targets = (
				4C9C4F9828E4E78900649009 /* SimpleThreads */,
			);
		};
/* End PBXProject section */

/* Begin PBXResourcesBuildPhase section */
		4C9C4F9728E4E78900649009 /* Resources */ = {
			isa = PBXResourcesBuildPhase;
			buildActionMask = 2147483647;
			files = (
				4C9C4FA928E4E78C00649009 /* LaunchScreen.storyboard in Resources */,
				4CAD06F128F8A9F0009622F6 /* GoogleService-Info.plist in Resources */,
				4C9C4FA628E4E78C00649009 /* Assets.xcassets in Resources */,
				4C9C4FA428E4E78900649009 /* Main.storyboard in Resources */,
			);
			runOnlyForDeploymentPostprocessing = 0;
		};
/* End PBXResourcesBuildPhase section */

/* Begin PBXSourcesBuildPhase section */
		4C9C4F9528E4E78900649009 /* Sources */ = {
			isa = PBXSourcesBuildPhase;
			buildActionMask = 2147483647;
			files = (
				4C0FF52328E8F2E30004F607 /* CartViewController.swift in Sources */,
				4C9C4FB228E4E9AC00649009 /* ShopViewController.swift in Sources */,
				4CAD06EF28F8A40D009622F6 /* ProductCollectionViewCell.swift in Sources */,
				4C9C4FB428E4E9D000649009 /* AccountViewController.swift in Sources */,
				4CAD06ED28F8A354009622F6 /* ProductViewController.swift in Sources */,
				4C9C4FA128E4E78900649009 /* HomeViewController.swift in Sources */,
				4C9C4F9D28E4E78900649009 /* AppDelegate.swift in Sources */,
				4C9C4F9F28E4E78900649009 /* SceneDelegate.swift in Sources */,
			);
			runOnlyForDeploymentPostprocessing = 0;
		};
/* End PBXSourcesBuildPhase section */

/* Begin PBXVariantGroup section */
		4C9C4FA228E4E78900649009 /* Main.storyboard */ = {
			isa = PBXVariantGroup;
			children = (
				4C9C4FA328E4E78900649009 /* Base */,
			);
			name = Main.storyboard;
			sourceTree = "<group>";
		};
		4C9C4FA728E4E78C00649009 /* LaunchScreen.storyboard */ = {
			isa = PBXVariantGroup;
			children = (
				4C9C4FA828E4E78C00649009 /* Base */,
			);
			name = LaunchScreen.storyboard;
			sourceTree = "<group>";
		};
/* End PBXVariantGroup section */

/* Begin XCBuildConfiguration section */
		4C9C4FAB28E4E78C00649009 /* Debug */ = {
			isa = XCBuildConfiguration;
			buildSettings = {
				ALWAYS_SEARCH_USER_PATHS = NO;
				CLANG_ANALYZER_NONNULL = YES;
				CLANG_ANALYZER_NUMBER_OBJECT_CONVERSION = YES_AGGRESSIVE;
				CLANG_CXX_LANGUAGE_STANDARD = "gnu++17";
				CLANG_ENABLE_MODULES = YES;
				CLANG_ENABLE_OBJC_ARC = YES;
				CLANG_ENABLE_OBJC_WEAK = YES;
				CLANG_WARN_BLOCK_CAPTURE_AUTORELEASING = YES;
				CLANG_WARN_BOOL_CONVERSION = YES;
				CLANG_WARN_COMMA = YES;
				CLANG_WARN_CONSTANT_CONVERSION = YES;
				CLANG_WARN_DEPRECATED_OBJC_IMPLEMENTATIONS = YES;
				CLANG_WARN_DIRECT_OBJC_ISA_USAGE = YES_ERROR;
				CLANG_WARN_DOCUMENTATION_COMMENTS = YES;
				CLANG_WARN_EMPTY_BODY = YES;
				CLANG_WARN_ENUM_CONVERSION = YES;
				CLANG_WARN_INFINITE_RECURSION = YES;
				CLANG_WARN_INT_CONVERSION = YES;
				CLANG_WARN_NON_LITERAL_NULL_CONVERSION = YES;
				CLANG_WARN_OBJC_IMPLICIT_RETAIN_SELF = YES;
				CLANG_WARN_OBJC_LITERAL_CONVERSION = YES;
				CLANG_WARN_OBJC_ROOT_CLASS = YES_ERROR;
				CLANG_WARN_QUOTED_INCLUDE_IN_FRAMEWORK_HEADER = YES;
				CLANG_WARN_RANGE_LOOP_ANALYSIS = YES;
				CLANG_WARN_STRICT_PROTOTYPES = YES;
				CLANG_WARN_SUSPICIOUS_MOVE = YES;
				CLANG_WARN_UNGUARDED_AVAILABILITY = YES_AGGRESSIVE;
				CLANG_WARN_UNREACHABLE_CODE = YES;
				CLANG_WARN__DUPLICATE_METHOD_MATCH = YES;
				COPY_PHASE_STRIP = NO;
				DEBUG_INFORMATION_FORMAT = dwarf;
				ENABLE_STRICT_OBJC_MSGSEND = YES;
				ENABLE_TESTABILITY = YES;
				GCC_C_LANGUAGE_STANDARD = gnu11;
				GCC_DYNAMIC_NO_PIC = NO;
				GCC_NO_COMMON_BLOCKS = YES;
				GCC_OPTIMIZATION_LEVEL = 0;
				GCC_PREPROCESSOR_DEFINITIONS = (
					"DEBUG=1",
					"$(inherited)",
				);
				GCC_WARN_64_TO_32_BIT_CONVERSION = YES;
				GCC_WARN_ABOUT_RETURN_TYPE = YES_ERROR;
				GCC_WARN_UNDECLARED_SELECTOR = YES;
				GCC_WARN_UNINITIALIZED_AUTOS = YES_AGGRESSIVE;
				GCC_WARN_UNUSED_FUNCTION = YES;
				GCC_WARN_UNUSED_VARIABLE = YES;
				IPHONEOS_DEPLOYMENT_TARGET = 15.5;
				MTL_ENABLE_DEBUG_INFO = INCLUDE_SOURCE;
				MTL_FAST_MATH = YES;
				ONLY_ACTIVE_ARCH = YES;
				SDKROOT = iphoneos;
				SWIFT_ACTIVE_COMPILATION_CONDITIONS = DEBUG;
				SWIFT_OPTIMIZATION_LEVEL = "-Onone";
			};
			name = Debug;
		};
		4C9C4FAC28E4E78C00649009 /* Release */ = {
			isa = XCBuildConfiguration;
			buildSettings = {
				ALWAYS_SEARCH_USER_PATHS = NO;
				CLANG_ANALYZER_NONNULL = YES;
				CLANG_ANALYZER_NUMBER_OBJECT_CONVERSION = YES_AGGRESSIVE;
				CLANG_CXX_LANGUAGE_STANDARD = "gnu++17";
				CLANG_ENABLE_MODULES = YES;
				CLANG_ENABLE_OBJC_ARC = YES;
				CLANG_ENABLE_OBJC_WEAK = YES;
				CLANG_WARN_BLOCK_CAPTURE_AUTORELEASING = YES;
				CLANG_WARN_BOOL_CONVERSION = YES;
				CLANG_WARN_COMMA = YES;
				CLANG_WARN_CONSTANT_CONVERSION = YES;
				CLANG_WARN_DEPRECATED_OBJC_IMPLEMENTATIONS = YES;
				CLANG_WARN_DIRECT_OBJC_ISA_USAGE = YES_ERROR;
				CLANG_WARN_DOCUMENTATION_COMMENTS = YES;
				CLANG_WARN_EMPTY_BODY = YES;
				CLANG_WARN_ENUM_CONVERSION = YES;
				CLANG_WARN_INFINITE_RECURSION = YES;
				CLANG_WARN_INT_CONVERSION = YES;
				CLANG_WARN_NON_LITERAL_NULL_CONVERSION = YES;
				CLANG_WARN_OBJC_IMPLICIT_RETAIN_SELF = YES;
				CLANG_WARN_OBJC_LITERAL_CONVERSION = YES;
				CLANG_WARN_OBJC_ROOT_CLASS = YES_ERROR;
				CLANG_WARN_QUOTED_INCLUDE_IN_FRAMEWORK_HEADER = YES;
				CLANG_WARN_RANGE_LOOP_ANALYSIS = YES;
				CLANG_WARN_STRICT_PROTOTYPES = YES;
				CLANG_WARN_SUSPICIOUS_MOVE = YES;
				CLANG_WARN_UNGUARDED_AVAILABILITY = YES_AGGRESSIVE;
				CLANG_WARN_UNREACHABLE_CODE = YES;
				CLANG_WARN__DUPLICATE_METHOD_MATCH = YES;
				COPY_PHASE_STRIP = NO;
				DEBUG_INFORMATION_FORMAT = "dwarf-with-dsym";
				ENABLE_NS_ASSERTIONS = NO;
				ENABLE_STRICT_OBJC_MSGSEND = YES;
				GCC_C_LANGUAGE_STANDARD = gnu11;
				GCC_NO_COMMON_BLOCKS = YES;
				GCC_WARN_64_TO_32_BIT_CONVERSION = YES;
				GCC_WARN_ABOUT_RETURN_TYPE = YES_ERROR;
				GCC_WARN_UNDECLARED_SELECTOR = YES;
				GCC_WARN_UNINITIALIZED_AUTOS = YES_AGGRESSIVE;
				GCC_WARN_UNUSED_FUNCTION = YES;
				GCC_WARN_UNUSED_VARIABLE = YES;
				IPHONEOS_DEPLOYMENT_TARGET = 15.5;
				MTL_ENABLE_DEBUG_INFO = NO;
				MTL_FAST_MATH = YES;
				SDKROOT = iphoneos;
				SWIFT_COMPILATION_MODE = wholemodule;
				SWIFT_OPTIMIZATION_LEVEL = "-O";
				VALIDATE_PRODUCT = YES;
			};
			name = Release;
		};
		4C9C4FAE28E4E78C00649009 /* Debug */ = {
			isa = XCBuildConfiguration;
			buildSettings = {
				ASSETCATALOG_COMPILER_APPICON_NAME = AppIcon;
				ASSETCATALOG_COMPILER_GLOBAL_ACCENT_COLOR_NAME = AccentColor;
				CODE_SIGN_STYLE = Automatic;
				CURRENT_PROJECT_VERSION = 1;
				GENERATE_INFOPLIST_FILE = YES;
				INFOPLIST_FILE = SimpleThreads/Info.plist;
				INFOPLIST_KEY_UIApplicationSupportsIndirectInputEvents = YES;
				INFOPLIST_KEY_UILaunchStoryboardName = LaunchScreen;
				INFOPLIST_KEY_UIMainStoryboardFile = Main;
				INFOPLIST_KEY_UISupportedInterfaceOrientations = UIInterfaceOrientationPortrait;
				INFOPLIST_KEY_UISupportedInterfaceOrientations_iPad = "UIInterfaceOrientationPortrait UIInterfaceOrientationPortraitUpsideDown UIInterfaceOrientationLandscapeLeft UIInterfaceOrientationLandscapeRight";
				INFOPLIST_KEY_UISupportedInterfaceOrientations_iPhone = "UIInterfaceOrientationPortrait UIInterfaceOrientationLandscapeLeft UIInterfaceOrientationLandscapeRight";
				LD_RUNPATH_SEARCH_PATHS = (
					"$(inherited)",
					"@executable_path/Frameworks",
				);
				MARKETING_VERSION = 1.0;
				PRODUCT_BUNDLE_IDENTIFIER = com.SWE10.SimpleThreads;
				PRODUCT_NAME = "$(TARGET_NAME)";
				SWIFT_EMIT_LOC_STRINGS = YES;
				SWIFT_VERSION = 5.0;
				TARGETED_DEVICE_FAMILY = "1,2";
			};
			name = Debug;
		};
		4C9C4FAF28E4E78C00649009 /* Release */ = {
			isa = XCBuildConfiguration;
			buildSettings = {
				ASSETCATALOG_COMPILER_APPICON_NAME = AppIcon;
				ASSETCATALOG_COMPILER_GLOBAL_ACCENT_COLOR_NAME = AccentColor;
				CODE_SIGN_STYLE = Automatic;
				CURRENT_PROJECT_VERSION = 1;
				GENERATE_INFOPLIST_FILE = YES;
				INFOPLIST_FILE = SimpleThreads/Info.plist;
				INFOPLIST_KEY_UIApplicationSupportsIndirectInputEvents = YES;
				INFOPLIST_KEY_UILaunchStoryboardName = LaunchScreen;
				INFOPLIST_KEY_UIMainStoryboardFile = Main;
				INFOPLIST_KEY_UISupportedInterfaceOrientations = UIInterfaceOrientationPortrait;
				INFOPLIST_KEY_UISupportedInterfaceOrientations_iPad = "UIInterfaceOrientationPortrait UIInterfaceOrientationPortraitUpsideDown UIInterfaceOrientationLandscapeLeft UIInterfaceOrientationLandscapeRight";
				INFOPLIST_KEY_UISupportedInterfaceOrientations_iPhone = "UIInterfaceOrientationPortrait UIInterfaceOrientationLandscapeLeft UIInterfaceOrientationLandscapeRight";
				LD_RUNPATH_SEARCH_PATHS = (
					"$(inherited)",
					"@executable_path/Frameworks",
				);
				MARKETING_VERSION = 1.0;
				PRODUCT_BUNDLE_IDENTIFIER = com.SWE10.SimpleThreads;
				PRODUCT_NAME = "$(TARGET_NAME)";
				SWIFT_EMIT_LOC_STRINGS = YES;
				SWIFT_VERSION = 5.0;
				TARGETED_DEVICE_FAMILY = "1,2";
			};
			name = Release;
		};
/* End XCBuildConfiguration section */

/* Begin XCConfigurationList section */
		4C9C4F9428E4E78900649009 /* Build configuration list for PBXProject "SimpleThreads" */ = {
			isa = XCConfigurationList;
			buildConfigurations = (
				4C9C4FAB28E4E78C00649009 /* Debug */,
				4C9C4FAC28E4E78C00649009 /* Release */,
			);
			defaultConfigurationIsVisible = 0;
			defaultConfigurationName = Release;
		};
		4C9C4FAD28E4E78C00649009 /* Build configuration list for PBXNativeTarget "SimpleThreads" */ = {
			isa = XCConfigurationList;
			buildConfigurations = (
				4C9C4FAE28E4E78C00649009 /* Debug */,
				4C9C4FAF28E4E78C00649009 /* Release */,
			);
			defaultConfigurationIsVisible = 0;
			defaultConfigurationName = Release;
		};
/* End XCConfigurationList section */

/* Begin XCRemoteSwiftPackageReference section */
		4CAD06F228F8AB39009622F6 /* XCRemoteSwiftPackageReference "firebase-ios-sdk" */ = {
			isa = XCRemoteSwiftPackageReference;
			repositoryURL = "https://github.com/firebase/firebase-ios-sdk";
			requirement = {
				kind = upToNextMajorVersion;
				minimumVersion = 9.0.0;
			};
		};
/* End XCRemoteSwiftPackageReference section */

/* Begin XCSwiftPackageProductDependency section */
		4CAD06F328F8AB39009622F6 /* FirebaseAnalytics */ = {
			isa = XCSwiftPackageProductDependency;
			package = 4CAD06F228F8AB39009622F6 /* XCRemoteSwiftPackageReference "firebase-ios-sdk" */;
			productName = FirebaseAnalytics;
		};
		4CAD06F728F8AB39009622F6 /* FirebaseFirestore */ = {
			isa = XCSwiftPackageProductDependency;
			package = 4CAD06F228F8AB39009622F6 /* XCRemoteSwiftPackageReference "firebase-ios-sdk" */;
			productName = FirebaseFirestore;
		};
		4CAD06F928F8AB39009622F6 /* FirebaseFirestoreSwift */ = {
			isa = XCSwiftPackageProductDependency;
			package = 4CAD06F228F8AB39009622F6 /* XCRemoteSwiftPackageReference "firebase-ios-sdk" */;
			productName = FirebaseFirestoreSwift;
		};
		4CAD06FB28F8AB39009622F6 /* FirebaseFunctions */ = {
			isa = XCSwiftPackageProductDependency;
			package = 4CAD06F228F8AB39009622F6 /* XCRemoteSwiftPackageReference "firebase-ios-sdk" */;
			productName = FirebaseFunctions;
		};
		4CAD06FD28F8AB39009622F6 /* FirebaseMessaging */ = {
			isa = XCSwiftPackageProductDependency;
			package = 4CAD06F228F8AB39009622F6 /* XCRemoteSwiftPackageReference "firebase-ios-sdk" */;
			productName = FirebaseMessaging;
		};
		4CAD06FF28F8AB39009622F6 /* FirebaseStorage */ = {
			isa = XCSwiftPackageProductDependency;
			package = 4CAD06F228F8AB39009622F6 /* XCRemoteSwiftPackageReference "firebase-ios-sdk" */;
			productName = FirebaseStorage;
		};
/* End XCSwiftPackageProductDependency section */
	};
	rootObject = 4C9C4F9128E4E78900649009 /* Project object */;
}
